// !$*UTF8*$!
{
	archiveVersion = 1;
	classes = {
	};
	objectVersion = 50;
	objects = {

/* Begin PBXBuildFile section */
		AF9B8F2F23C3945D001DB2DB /* main.swift in Sources */ = {isa = PBXBuildFile; fileRef = AF9B8F2E23C3945D001DB2DB /* main.swift */; };
		AF9B8F3623C3946D001DB2DB /* SQLiteDatabase.swift in Sources */ = {isa = PBXBuildFile; fileRef = AF9B8F3523C3946D001DB2DB /* SQLiteDatabase.swift */; };
		AF9B8F3823C395BA001DB2DB /* Post.swift in Sources */ = {isa = PBXBuildFile; fileRef = AF9B8F3723C395BA001DB2DB /* Post.swift */; };
		AF9B8F3A23C395DD001DB2DB /* SQLiteError.swift in Sources */ = {isa = PBXBuildFile; fileRef = AF9B8F3923C395DD001DB2DB /* SQLiteError.swift */; };
		AF9B8F4623C3C030001DB2DB /* SQLSpeaksTests.swift in Sources */ = {isa = PBXBuildFile; fileRef = AF9B8F4523C3C030001DB2DB /* SQLSpeaksTests.swift */; };
		AF9B8F4B23C3E435001DB2DB /* SQLiteDatabase.swift in Sources */ = {isa = PBXBuildFile; fileRef = AF9B8F3523C3946D001DB2DB /* SQLiteDatabase.swift */; };
		AF9B8F4D23C3E529001DB2DB /* Posts.swift in Sources */ = {isa = PBXBuildFile; fileRef = AF9B8F4C23C3E529001DB2DB /* Posts.swift */; };
		AF9B8F4F23C809F4001DB2DB /* Suppliers.swift in Sources */ = {isa = PBXBuildFile; fileRef = AF9B8F4E23C809F4001DB2DB /* Suppliers.swift */; };
		AF9B8F5123C80A00001DB2DB /* Supplier.swift in Sources */ = {isa = PBXBuildFile; fileRef = AF9B8F5023C80A00001DB2DB /* Supplier.swift */; };
		AF9B8F5323C80A23001DB2DB /* SupplierGroup.swift in Sources */ = {isa = PBXBuildFile; fileRef = AF9B8F5223C80A23001DB2DB /* SupplierGroup.swift */; };
/* End PBXBuildFile section */

/* Begin PBXCopyFilesBuildPhase section */
		AF9B8F2923C3945D001DB2DB /* CopyFiles */ = {
			isa = PBXCopyFilesBuildPhase;
			buildActionMask = 2147483647;
			dstPath = /usr/share/man/man1/;
			dstSubfolderSpec = 0;
			files = (
			);
			runOnlyForDeploymentPostprocessing = 1;
		};
/* End PBXCopyFilesBuildPhase section */

/* Begin PBXFileReference section */
		AF9B8F2B23C3945D001DB2DB /* SQLSpeaks */ = {isa = PBXFileReference; explicitFileType = "compiled.mach-o.executable"; includeInIndex = 0; path = SQLSpeaks; sourceTree = BUILT_PRODUCTS_DIR; };
		AF9B8F2E23C3945D001DB2DB /* main.swift */ = {isa = PBXFileReference; lastKnownFileType = sourcecode.swift; path = main.swift; sourceTree = "<group>"; };
		AF9B8F3523C3946D001DB2DB /* SQLiteDatabase.swift */ = {isa = PBXFileReference; lastKnownFileType = sourcecode.swift; path = SQLiteDatabase.swift; sourceTree = "<group>"; };
		AF9B8F3723C395BA001DB2DB /* Post.swift */ = {isa = PBXFileReference; lastKnownFileType = sourcecode.swift; path = Post.swift; sourceTree = "<group>"; };
		AF9B8F3923C395DD001DB2DB /* SQLiteError.swift */ = {isa = PBXFileReference; lastKnownFileType = sourcecode.swift; path = SQLiteError.swift; sourceTree = "<group>"; };
		AF9B8F4323C3C030001DB2DB /* SQLSpeaksTests.xctest */ = {isa = PBXFileReference; explicitFileType = wrapper.cfbundle; includeInIndex = 0; path = SQLSpeaksTests.xctest; sourceTree = BUILT_PRODUCTS_DIR; };
		AF9B8F4523C3C030001DB2DB /* SQLSpeaksTests.swift */ = {isa = PBXFileReference; lastKnownFileType = sourcecode.swift; path = SQLSpeaksTests.swift; sourceTree = "<group>"; };
		AF9B8F4723C3C030001DB2DB /* Info.plist */ = {isa = PBXFileReference; lastKnownFileType = text.plist.xml; path = Info.plist; sourceTree = "<group>"; };
		AF9B8F4C23C3E529001DB2DB /* Posts.swift */ = {isa = PBXFileReference; lastKnownFileType = sourcecode.swift; path = Posts.swift; sourceTree = "<group>"; };
		AF9B8F4E23C809F4001DB2DB /* Suppliers.swift */ = {isa = PBXFileReference; lastKnownFileType = sourcecode.swift; path = Suppliers.swift; sourceTree = "<group>"; };
		AF9B8F5023C80A00001DB2DB /* Supplier.swift */ = {isa = PBXFileReference; lastKnownFileType = sourcecode.swift; path = Supplier.swift; sourceTree = "<group>"; };
		AF9B8F5223C80A23001DB2DB /* SupplierGroup.swift */ = {isa = PBXFileReference; lastKnownFileType = sourcecode.swift; path = SupplierGroup.swift; sourceTree = "<group>"; };
/* End PBXFileReference section */

/* Begin PBXFrameworksBuildPhase section */
		AF9B8F2823C3945D001DB2DB /* Frameworks */ = {
			isa = PBXFrameworksBuildPhase;
			buildActionMask = 2147483647;
			files = (
			);
			runOnlyForDeploymentPostprocessing = 0;
		};
		AF9B8F4023C3C030001DB2DB /* Frameworks */ = {
			isa = PBXFrameworksBuildPhase;
			buildActionMask = 2147483647;
			files = (
			);
			runOnlyForDeploymentPostprocessing = 0;
		};
/* End PBXFrameworksBuildPhase section */

/* Begin PBXGroup section */
		AF9B8F2223C3945D001DB2DB = {
			isa = PBXGroup;
			children = (
				AF9B8F2D23C3945D001DB2DB /* SQLSpeaks */,
				AF9B8F4423C3C030001DB2DB /* SQLSpeaksTests */,
				AF9B8F2C23C3945D001DB2DB /* Products */,
			);
			sourceTree = "<group>";
		};
		AF9B8F2C23C3945D001DB2DB /* Products */ = {
			isa = PBXGroup;
			children = (
				AF9B8F2B23C3945D001DB2DB /* SQLSpeaks */,
				AF9B8F4323C3C030001DB2DB /* SQLSpeaksTests.xctest */,
			);
			name = Products;
			sourceTree = "<group>";
		};
		AF9B8F2D23C3945D001DB2DB /* SQLSpeaks */ = {
			isa = PBXGroup;
			children = (
				AF9B8F2E23C3945D001DB2DB /* main.swift */,
				AF9B8F3523C3946D001DB2DB /* SQLiteDatabase.swift */,
				AF9B8F3923C395DD001DB2DB /* SQLiteError.swift */,
				AF9B8F3723C395BA001DB2DB /* Post.swift */,
				AF9B8F4C23C3E529001DB2DB /* Posts.swift */,
				AF9B8F4E23C809F4001DB2DB /* Suppliers.swift */,
				AF9B8F5023C80A00001DB2DB /* Supplier.swift */,
				AF9B8F5223C80A23001DB2DB /* SupplierGroup.swift */,
			);
			path = SQLSpeaks;
			sourceTree = "<group>";
		};
		AF9B8F4423C3C030001DB2DB /* SQLSpeaksTests */ = {
			isa = PBXGroup;
			children = (
				AF9B8F4523C3C030001DB2DB /* SQLSpeaksTests.swift */,
				AF9B8F4723C3C030001DB2DB /* Info.plist */,
			);
			path = SQLSpeaksTests;
			sourceTree = "<group>";
		};
/* End PBXGroup section */

/* Begin PBXNativeTarget section */
		AF9B8F2A23C3945D001DB2DB /* SQLSpeaks */ = {
			isa = PBXNativeTarget;
			buildConfigurationList = AF9B8F3223C3945D001DB2DB /* Build configuration list for PBXNativeTarget "SQLSpeaks" */;
			buildPhases = (
				AF9B8F2723C3945D001DB2DB /* Sources */,
				AF9B8F2823C3945D001DB2DB /* Frameworks */,
				AF9B8F2923C3945D001DB2DB /* CopyFiles */,
			);
			buildRules = (
			);
			dependencies = (
			);
			name = SQLSpeaks;
			productName = SQLSpeaks;
			productReference = AF9B8F2B23C3945D001DB2DB /* SQLSpeaks */;
			productType = "com.apple.product-type.tool";
		};
		AF9B8F4223C3C030001DB2DB /* SQLSpeaksTests */ = {
			isa = PBXNativeTarget;
			buildConfigurationList = AF9B8F4823C3C030001DB2DB /* Build configuration list for PBXNativeTarget "SQLSpeaksTests" */;
			buildPhases = (
				AF9B8F3F23C3C030001DB2DB /* Sources */,
				AF9B8F4023C3C030001DB2DB /* Frameworks */,
				AF9B8F4123C3C030001DB2DB /* Resources */,
			);
			buildRules = (
			);
			dependencies = (
			);
			name = SQLSpeaksTests;
			productName = SQLSpeaksTests;
			productReference = AF9B8F4323C3C030001DB2DB /* SQLSpeaksTests.xctest */;
			productType = "com.apple.product-type.bundle.unit-test";
		};
/* End PBXNativeTarget section */

/* Begin PBXProject section */
		AF9B8F2323C3945D001DB2DB /* Project object */ = {
			isa = PBXProject;
			attributes = {
				LastSwiftUpdateCheck = 1120;
				LastUpgradeCheck = 1120;
				ORGANIZATIONNAME = SphericalWaveSoftware;
				TargetAttributes = {
					AF9B8F2A23C3945D001DB2DB = {
						CreatedOnToolsVersion = 11.2.1;
					};
					AF9B8F4223C3C030001DB2DB = {
						CreatedOnToolsVersion = 11.2.1;
					};
				};
			};
			buildConfigurationList = AF9B8F2623C3945D001DB2DB /* Build configuration list for PBXProject "SQLSpeaks" */;
			compatibilityVersion = "Xcode 9.3";
			developmentRegion = en;
			hasScannedForEncodings = 0;
			knownRegions = (
				en,
				Base,
			);
			mainGroup = AF9B8F2223C3945D001DB2DB;
			productRefGroup = AF9B8F2C23C3945D001DB2DB /* Products */;
			projectDirPath = "";
			projectRoot = "";
			targets = (
				AF9B8F2A23C3945D001DB2DB /* SQLSpeaks */,
				AF9B8F4223C3C030001DB2DB /* SQLSpeaksTests */,
			);
		};
/* End PBXProject section */

/* Begin PBXResourcesBuildPhase section */
		AF9B8F4123C3C030001DB2DB /* Resources */ = {
			isa = PBXResourcesBuildPhase;
			buildActionMask = 2147483647;
			files = (
			);
			runOnlyForDeploymentPostprocessing = 0;
		};
/* End PBXResourcesBuildPhase section */

/* Begin PBXSourcesBuildPhase section */
		AF9B8F2723C3945D001DB2DB /* Sources */ = {
			isa = PBXSourcesBuildPhase;
			buildActionMask = 2147483647;
			files = (
				AF9B8F5123C80A00001DB2DB /* Supplier.swift in Sources */,
				AF9B8F3A23C395DD001DB2DB /* SQLiteError.swift in Sources */,
				AF9B8F4F23C809F4001DB2DB /* Suppliers.swift in Sources */,
				AF9B8F3823C395BA001DB2DB /* Post.swift in Sources */,
				AF9B8F3623C3946D001DB2DB /* SQLiteDatabase.swift in Sources */,
				AF9B8F2F23C3945D001DB2DB /* main.swift in Sources */,
				AF9B8F4D23C3E529001DB2DB /* Posts.swift in Sources */,
				AF9B8F5323C80A23001DB2DB /* SupplierGroup.swift in Sources */,
			);
			runOnlyForDeploymentPostprocessing = 0;
		};
		AF9B8F3F23C3C030001DB2DB /* Sources */ = {
			isa = PBXSourcesBuildPhase;
			buildActionMask = 2147483647;
			files = (
				AF9B8F4B23C3E435001DB2DB /* SQLiteDatabase.swift in Sources */,
				AF9B8F4623C3C030001DB2DB /* SQLSpeaksTests.swift in Sources */,
			);
			runOnlyForDeploymentPostprocessing = 0;
		};
/* End PBXSourcesBuildPhase section */

/* Begin XCBuildConfiguration section */
		AF9B8F3023C3945D001DB2DB /* Debug */ = {
			isa = XCBuildConfiguration;
			buildSettings = {
				ALWAYS_SEARCH_USER_PATHS = NO;
				CLANG_ANALYZER_NONNULL = YES;
				CLANG_ANALYZER_NUMBER_OBJECT_CONVERSION = YES_AGGRESSIVE;
				CLANG_CXX_LANGUAGE_STANDARD = "gnu++14";
				CLANG_CXX_LIBRARY = "libc++";
				CLANG_ENABLE_MODULES = YES;
				CLANG_ENABLE_OBJC_ARC = YES;
				CLANG_ENABLE_OBJC_WEAK = YES;
				CLANG_WARN_BLOCK_CAPTURE_AUTORELEASING = YES;
				CLANG_WARN_BOOL_CONVERSION = YES;
				CLANG_WARN_COMMA = YES;
				CLANG_WARN_CONSTANT_CONVERSION = YES;
				CLANG_WARN_DEPRECATED_OBJC_IMPLEMENTATIONS = YES;
				CLANG_WARN_DIRECT_OBJC_ISA_USAGE = YES_ERROR;
				CLANG_WARN_DOCUMENTATION_COMMENTS = YES;
				CLANG_WARN_EMPTY_BODY = YES;
				CLANG_WARN_ENUM_CONVERSION = YES;
				CLANG_WARN_INFINITE_RECURSION = YES;
				CLANG_WARN_INT_CONVERSION = YES;
				CLANG_WARN_NON_LITERAL_NULL_CONVERSION = YES;
				CLANG_WARN_OBJC_IMPLICIT_RETAIN_SELF = YES;
				CLANG_WARN_OBJC_LITERAL_CONVERSION = YES;
				CLANG_WARN_OBJC_ROOT_CLASS = YES_ERROR;
				CLANG_WARN_RANGE_LOOP_ANALYSIS = YES;
				CLANG_WARN_STRICT_PROTOTYPES = YES;
				CLANG_WARN_SUSPICIOUS_MOVE = YES;
				CLANG_WARN_UNGUARDED_AVAILABILITY = YES_AGGRESSIVE;
				CLANG_WARN_UNREACHABLE_CODE = YES;
				CLANG_WARN__DUPLICATE_METHOD_MATCH = YES;
				COPY_PHASE_STRIP = NO;
				DEBUG_INFORMATION_FORMAT = dwarf;
				ENABLE_STRICT_OBJC_MSGSEND = YES;
				ENABLE_TESTABILITY = YES;
				GCC_C_LANGUAGE_STANDARD = gnu11;
				GCC_DYNAMIC_NO_PIC = NO;
				GCC_NO_COMMON_BLOCKS = YES;
				GCC_OPTIMIZATION_LEVEL = 0;
				GCC_PREPROCESSOR_DEFINITIONS = (
					"DEBUG=1",
					"$(inherited)",
				);
				GCC_WARN_64_TO_32_BIT_CONVERSION = YES;
				GCC_WARN_ABOUT_RETURN_TYPE = YES_ERROR;
				GCC_WARN_UNDECLARED_SELECTOR = YES;
				GCC_WARN_UNINITIALIZED_AUTOS = YES_AGGRESSIVE;
				GCC_WARN_UNUSED_FUNCTION = YES;
				GCC_WARN_UNUSED_VARIABLE = YES;
				MACOSX_DEPLOYMENT_TARGET = 10.14;
				MTL_ENABLE_DEBUG_INFO = INCLUDE_SOURCE;
				MTL_FAST_MATH = YES;
				ONLY_ACTIVE_ARCH = YES;
				SDKROOT = macosx;
				SWIFT_ACTIVE_COMPILATION_CONDITIONS = DEBUG;
				SWIFT_OPTIMIZATION_LEVEL = "-Onone";
			};
			name = Debug;
		};
		AF9B8F3123C3945D001DB2DB /* Release */ = {
			isa = XCBuildConfiguration;
			buildSettings = {
				ALWAYS_SEARCH_USER_PATHS = NO;
				CLANG_ANALYZER_NONNULL = YES;
				CLANG_ANALYZER_NUMBER_OBJECT_CONVERSION = YES_AGGRESSIVE;
				CLANG_CXX_LANGUAGE_STANDARD = "gnu++14";
				CLANG_CXX_LIBRARY = "libc++";
				CLANG_ENABLE_MODULES = YES;
				CLANG_ENABLE_OBJC_ARC = YES;
				CLANG_ENABLE_OBJC_WEAK = YES;
				CLANG_WARN_BLOCK_CAPTURE_AUTORELEASING = YES;
				CLANG_WARN_BOOL_CONVERSION = YES;
				CLANG_WARN_COMMA = YES;
				CLANG_WARN_CONSTANT_CONVERSION = YES;
				CLANG_WARN_DEPRECATED_OBJC_IMPLEMENTATIONS = YES;
				CLANG_WARN_DIRECT_OBJC_ISA_USAGE = YES_ERROR;
				CLANG_WARN_DOCUMENTATION_COMMENTS = YES;
				CLANG_WARN_EMPTY_BODY = YES;
				CLANG_WARN_ENUM_CONVERSION = YES;
				CLANG_WARN_INFINITE_RECURSION = YES;
				CLANG_WARN_INT_CONVERSION = YES;
				CLANG_WARN_NON_LITERAL_NULL_CONVERSION = YES;
				CLANG_WARN_OBJC_IMPLICIT_RETAIN_SELF = YES;
				CLANG_WARN_OBJC_LITERAL_CONVERSION = YES;
				CLANG_WARN_OBJC_ROOT_CLASS = YES_ERROR;
				CLANG_WARN_RANGE_LOOP_ANALYSIS = YES;
				CLANG_WARN_STRICT_PROTOTYPES = YES;
				CLANG_WARN_SUSPICIOUS_MOVE = YES;
				CLANG_WARN_UNGUARDED_AVAILABILITY = YES_AGGRESSIVE;
				CLANG_WARN_UNREACHABLE_CODE = YES;
				CLANG_WARN__DUPLICATE_METHOD_MATCH = YES;
				COPY_PHASE_STRIP = NO;
				DEBUG_INFORMATION_FORMAT = "dwarf-with-dsym";
				ENABLE_NS_ASSERTIONS = NO;
				ENABLE_STRICT_OBJC_MSGSEND = YES;
				GCC_C_LANGUAGE_STANDARD = gnu11;
				GCC_NO_COMMON_BLOCKS = YES;
				GCC_WARN_64_TO_32_BIT_CONVERSION = YES;
				GCC_WARN_ABOUT_RETURN_TYPE = YES_ERROR;
				GCC_WARN_UNDECLARED_SELECTOR = YES;
				GCC_WARN_UNINITIALIZED_AUTOS = YES_AGGRESSIVE;
				GCC_WARN_UNUSED_FUNCTION = YES;
				GCC_WARN_UNUSED_VARIABLE = YES;
				MACOSX_DEPLOYMENT_TARGET = 10.14;
				MTL_ENABLE_DEBUG_INFO = NO;
				MTL_FAST_MATH = YES;
				SDKROOT = macosx;
				SWIFT_COMPILATION_MODE = wholemodule;
				SWIFT_OPTIMIZATION_LEVEL = "-O";
			};
			name = Release;
		};
		AF9B8F3323C3945D001DB2DB /* Debug */ = {
			isa = XCBuildConfiguration;
			buildSettings = {
				CODE_SIGN_STYLE = Automatic;
				PRODUCT_NAME = "$(TARGET_NAME)";
				SWIFT_VERSION = 5.0;
			};
			name = Debug;
		};
		AF9B8F3423C3945D001DB2DB /* Release */ = {
			isa = XCBuildConfiguration;
			buildSettings = {
				CODE_SIGN_STYLE = Automatic;
				PRODUCT_NAME = "$(TARGET_NAME)";
				SWIFT_VERSION = 5.0;
			};
			name = Release;
		};
		AF9B8F4923C3C030001DB2DB /* Debug */ = {
			isa = XCBuildConfiguration;
			buildSettings = {
				CODE_SIGN_STYLE = Automatic;
				COMBINE_HIDPI_IMAGES = YES;
				INFOPLIST_FILE = SQLSpeaksTests/Info.plist;
				LD_RUNPATH_SEARCH_PATHS = (
					"$(inherited)",
					"@executable_path/../Frameworks",
					"@loader_path/../Frameworks",
				);
				PRODUCT_BUNDLE_IDENTIFIER = SW.SQLSpeaksTests;
				PRODUCT_NAME = "$(TARGET_NAME)";
				SWIFT_VERSION = 5.0;
			};
			name = Debug;
		};
		AF9B8F4A23C3C030001DB2DB /* Release */ = {
			isa = XCBuildConfiguration;
			buildSettings = {
				CODE_SIGN_STYLE = Automatic;
				COMBINE_HIDPI_IMAGES = YES;
				INFOPLIST_FILE = SQLSpeaksTests/Info.plist;
				LD_RUNPATH_SEARCH_PATHS = (
					"$(inherited)",
					"@executable_path/../Frameworks",
					"@loader_path/../Frameworks",
				);
				PRODUCT_BUNDLE_IDENTIFIER = SW.SQLSpeaksTests;
				PRODUCT_NAME = "$(TARGET_NAME)";
				SWIFT_VERSION = 5.0;
			};
			name = Release;
		};
/* End XCBuildConfiguration section */

/* Begin XCConfigurationList section */
		AF9B8F2623C3945D001DB2DB /* Build configuration list for PBXProject "SQLSpeaks" */ = {
			isa = XCConfigurationList;
			buildConfigurations = (
				AF9B8F3023C3945D001DB2DB /* Debug */,
				AF9B8F3123C3945D001DB2DB /* Release */,
			);
			defaultConfigurationIsVisible = 0;
			defaultConfigurationName = Release;
		};
		AF9B8F3223C3945D001DB2DB /* Build configuration list for PBXNativeTarget "SQLSpeaks" */ = {
			isa = XCConfigurationList;
			buildConfigurations = (
				AF9B8F3323C3945D001DB2DB /* Debug */,
				AF9B8F3423C3945D001DB2DB /* Release */,
			);
			defaultConfigurationIsVisible = 0;
			defaultConfigurationName = Release;
		};
		AF9B8F4823C3C030001DB2DB /* Build configuration list for PBXNativeTarget "SQLSpeaksTests" */ = {
			isa = XCConfigurationList;
			buildConfigurations = (
				AF9B8F4923C3C030001DB2DB /* Debug */,
				AF9B8F4A23C3C030001DB2DB /* Release */,
			);
			defaultConfigurationIsVisible = 0;
			defaultConfigurationName = Release;
		};
/* End XCConfigurationList section */
	};
	rootObject = AF9B8F2323C3945D001DB2DB /* Project object */;
}
